
Microsoft Visual Studio Solution File, Format Version 12.00
# Visual Studio Version 16
VisualStudioVersion = 16.0.30114.105
MinimumVisualStudioVersion = 10.0.40219.1
Project("{FAE04EC0-301F-11D3-BF4B-00C04F79EFBC}") = "Driver.NET", "Driver.NET\Driver.NET.csproj", "{DA6808CC-0E9E-46A4-95BA-BCB7EFFCCE0E}"
EndProject
Project("{FAE04EC0-301F-11D3-BF4B-00C04F79EFBC}") = "Driver.NET.Example", "Driver.NET.Example\Driver.NET.Example.csproj", "{50AA19BF-C3F2-4495-8392-E565F2BDCE22}"
EndProject
Global
	GlobalSection(SolutionConfigurationPlatforms) = preSolution
		Debug|Any CPU = Debug|Any CPU
		Debug|x64 = Debug|x64
		Debug|x86 = Debug|x86
		Release|Any CPU = Release|Any CPU
		Release|x64 = Release|x64
		Release|x86 = Release|x86
	EndGlobalSection
	GlobalSection(ProjectConfigurationPlatforms) = postSolution
		{DA6808CC-0E9E-46A4-95BA-BCB7EFFCCE0E}.Debug|Any CPU.ActiveCfg = Debug|Any CPU
		{DA6808CC-0E9E-46A4-95BA-BCB7EFFCCE0E}.Debug|Any CPU.Build.0 = Debug|Any CPU
		{DA6808CC-0E9E-46A4-95BA-BCB7EFFCCE0E}.Debug|x64.ActiveCfg = Debug|Any CPU
		{DA6808CC-0E9E-46A4-95BA-BCB7EFFCCE0E}.Debug|x64.Build.0 = Debug|Any CPU
		{DA6808CC-0E9E-46A4-95BA-BCB7EFFCCE0E}.Debug|x86.ActiveCfg = Debug|Any CPU
		{DA6808CC-0E9E-46A4-95BA-BCB7EFFCCE0E}.Debug|x86.Build.0 = Debug|Any CPU
		{DA6808CC-0E9E-46A4-95BA-BCB7EFFCCE0E}.Release|Any CPU.ActiveCfg = Release|Any CPU
		{DA6808CC-0E9E-46A4-95BA-BCB7EFFCCE0E}.Release|Any CPU.Build.0 = Release|Any CPU
		{DA6808CC-0E9E-46A4-95BA-BCB7EFFCCE0E}.Release|x64.ActiveCfg = Release|Any CPU
		{DA6808CC-0E9E-46A4-95BA-BCB7EFFCCE0E}.Release|x64.Build.0 = Release|Any CPU
		{DA6808CC-0E9E-46A4-95BA-BCB7EFFCCE0E}.Release|x86.ActiveCfg = Release|Any CPU
		{DA6808CC-0E9E-46A4-95BA-BCB7EFFCCE0E}.Release|x86.Build.0 = Release|Any CPU
		{50AA19BF-C3F2-4495-8392-E565F2BDCE22}.Debug|Any CPU.ActiveCfg = Debug|Any CPU
		{50AA19BF-C3F2-4495-8392-E565F2BDCE22}.Debug|Any CPU.Build.0 = Debug|Any CPU
		{50AA19BF-C3F2-4495-8392-E565F2BDCE22}.Debug|x64.ActiveCfg = Debug|Any CPU
		{50AA19BF-C3F2-4495-8392-E565F2BDCE22}.Debug|x64.Build.0 = Debug|Any CPU
		{50AA19BF-C3F2-4495-8392-E565F2BDCE22}.Debug|x86.ActiveCfg = Debug|Any CPU
		{50AA19BF-C3F2-4495-8392-E565F2BDCE22}.Debug|x86.Build.0 = Debug|Any CPU
		{50AA19BF-C3F2-4495-8392-E565F2BDCE22}.Release|Any CPU.ActiveCfg = Release|Any CPU
		{50AA19BF-C3F2-4495-8392-E565F2BDCE22}.Release|Any CPU.Build.0 = Release|Any CPU
		{50AA19BF-C3F2-4495-8392-E565F2BDCE22}.Release|x64.ActiveCfg = Release|Any CPU
		{50AA19BF-C3F2-4495-8392-E565F2BDCE22}.Release|x64.Build.0 = Release|Any CPU
		{50AA19BF-C3F2-4495-8392-E565F2BDCE22}.Release|x86.ActiveCfg = Release|Any CPU
		{50AA19BF-C3F2-4495-8392-E565F2BDCE22}.Release|x86.Build.0 = Release|Any CPU
	EndGlobalSection
	GlobalSection(SolutionProperties) = preSolution
		HideSolutionNode = FALSE
	EndGlobalSection
	GlobalSection(ExtensibilityGlobals) = postSolution
		SolutionGuid = {DBA471F4-8A1D-4B84-BD85-69C001771156}
	EndGlobalSection
EndGlobal
