
Microsoft Visual Studio Solution File, Format Version 12.00
# Visual Studio Version 16
VisualStudioVersion = 16.0.30114.105
MinimumVisualStudioVersion = 10.0.40219.1
Project("{FAE04EC0-301F-11D3-BF4B-00C04F79EFBC}") = "Driver.NET", "Driver.NET\Driver.NET.csproj", "{DD003547-53E0-4875-9AE6-3C6E18D18CF1}"
EndProject
Project("{FAE04EC0-301F-11D3-BF4B-00C04F79EFBC}") = "Driver.NET.Example", "Driver.NET.Example\Driver.NET.Example.csproj", "{531FD739-8723-46BE-ADA5-7ABB72801311}"
	ProjectSection(ProjectDependencies) = postProject
		{DD003547-53E0-4875-9AE6-3C6E18D18CF1} = {DD003547-53E0-4875-9AE6-3C6E18D18CF1}
	EndProjectSection
EndProject
Global
	GlobalSection(SolutionConfigurationPlatforms) = preSolution
		Debug|Any CPU = Debug|Any CPU
		Debug|x64 = Debug|x64
		Debug|x86 = Debug|x86
		Release|Any CPU = Release|Any CPU
		Release|x64 = Release|x64
		Release|x86 = Release|x86
	EndGlobalSection
	GlobalSection(ProjectConfigurationPlatforms) = postSolution
		{DD003547-53E0-4875-9AE6-3C6E18D18CF1}.Debug|Any CPU.ActiveCfg = Debug|Any CPU
		{DD003547-53E0-4875-9AE6-3C6E18D18CF1}.Debug|Any CPU.Build.0 = Debug|Any CPU
		{DD003547-53E0-4875-9AE6-3C6E18D18CF1}.Debug|x64.ActiveCfg = Debug|Any CPU
		{DD003547-53E0-4875-9AE6-3C6E18D18CF1}.Debug|x64.Build.0 = Debug|Any CPU
		{DD003547-53E0-4875-9AE6-3C6E18D18CF1}.Debug|x86.ActiveCfg = Debug|Any CPU
		{DD003547-53E0-4875-9AE6-3C6E18D18CF1}.Debug|x86.Build.0 = Debug|Any CPU
		{DD003547-53E0-4875-9AE6-3C6E18D18CF1}.Release|Any CPU.ActiveCfg = Release|Any CPU
		{DD003547-53E0-4875-9AE6-3C6E18D18CF1}.Release|Any CPU.Build.0 = Release|Any CPU
		{DD003547-53E0-4875-9AE6-3C6E18D18CF1}.Release|x64.ActiveCfg = Release|Any CPU
		{DD003547-53E0-4875-9AE6-3C6E18D18CF1}.Release|x64.Build.0 = Release|Any CPU
		{DD003547-53E0-4875-9AE6-3C6E18D18CF1}.Release|x86.ActiveCfg = Release|Any CPU
		{DD003547-53E0-4875-9AE6-3C6E18D18CF1}.Release|x86.Build.0 = Release|Any CPU
		{531FD739-8723-46BE-ADA5-7ABB72801311}.Debug|Any CPU.ActiveCfg = Debug|Any CPU
		{531FD739-8723-46BE-ADA5-7ABB72801311}.Debug|Any CPU.Build.0 = Debug|Any CPU
		{531FD739-8723-46BE-ADA5-7ABB72801311}.Debug|x64.ActiveCfg = Debug|Any CPU
		{531FD739-8723-46BE-ADA5-7ABB72801311}.Debug|x64.Build.0 = Debug|Any CPU
		{531FD739-8723-46BE-ADA5-7ABB72801311}.Debug|x86.ActiveCfg = Debug|Any CPU
		{531FD739-8723-46BE-ADA5-7ABB72801311}.Debug|x86.Build.0 = Debug|Any CPU
		{531FD739-8723-46BE-ADA5-7ABB72801311}.Release|Any CPU.ActiveCfg = Release|Any CPU
		{531FD739-8723-46BE-ADA5-7ABB72801311}.Release|Any CPU.Build.0 = Release|Any CPU
		{531FD739-8723-46BE-ADA5-7ABB72801311}.Release|x64.ActiveCfg = Release|Any CPU
		{531FD739-8723-46BE-ADA5-7ABB72801311}.Release|x64.Build.0 = Release|Any CPU
		{531FD739-8723-46BE-ADA5-7ABB72801311}.Release|x86.ActiveCfg = Release|Any CPU
		{531FD739-8723-46BE-ADA5-7ABB72801311}.Release|x86.Build.0 = Release|Any CPU
	EndGlobalSection
	GlobalSection(SolutionProperties) = preSolution
		HideSolutionNode = FALSE
	EndGlobalSection
	GlobalSection(ExtensibilityGlobals) = postSolution
		SolutionGuid = {DBA471F4-8A1D-4B84-BD85-69C001771156}
	EndGlobalSection
EndGlobal
